
Microsoft Visual Studio Solution File, Format Version 11.00
# Visual Studio 2010
Project("{8BC9CEB8-8B4A-11D0-8D11-00A0C91BC942}") = "sdl_Camera", "sdl_Camera\sdl_Camera.vcxproj", "{227333A6-D154-4B14-AACF-24D9713EA301}"
EndProject
Global
	GlobalSection(SolutionConfigurationPlatforms) = preSolution
		Debug|Win32 = Debug|Win32
		Release|Win32 = Release|Win32
	EndGlobalSection
	GlobalSection(ProjectConfigurationPlatforms) = postSolution
		{227333A6-D154-4B14-AACF-24D9713EA301}.Debug|Win32.ActiveCfg = Debug|Win32
		{227333A6-D154-4B14-AACF-24D9713EA301}.Debug|Win32.Build.0 = Debug|Win32
		{227333A6-D154-4B14-AACF-24D9713EA301}.Release|Win32.ActiveCfg = Release|Win32
		{227333A6-D154-4B14-AACF-24D9713EA301}.Release|Win32.Build.0 = Release|Win32
	EndGlobalSection
	GlobalSection(SolutionProperties) = preSolution
		HideSolutionNode = FALSE
	EndGlobalSection
EndGlobal
